PODS:
  - audio_streamer (0.0.1):
    - Flutter
  - audioplayers (0.0.1):
    - Flutter
  - beacons_plugin (0.0.1):
    - Flutter
  - Flutter (1.0.0)
  - flutter_blue (0.0.1):
    - Flutter
    - flutter_blue/Protos (= 0.0.1)
  - flutter_blue/Protos (0.0.1):
    - Flutter
    - Protobuf (~> 3.11.4)
  - flutter_compass (0.0.1):
    - Flutter
  - FMDB (2.7.5):
    - FMDB/standard (= 2.7.5)
  - FMDB/standard (2.7.5)
  - geolocator (6.1.9):
    - Flutter
  - location (0.0.1):
    - Flutter
  - motion_sensors (0.0.1):
    - Flutter
  - path_provider (0.0.1):
    - Flutter
  - "permission_handler (5.1.0+2)":
    - Flutter
  - Protobuf (3.11.4)
  - sqflite (0.0.2):
    - Flutter
    - FMDB (>= 2.7.5)
  - user_location (0.0.1):
    - Flutter
  - vibration (1.7.3):
    - Flutter

DEPENDENCIES:
  - audio_streamer (from `.symlinks/plugins/audio_streamer/ios`)
  - audioplayers (from `.symlinks/plugins/audioplayers/ios`)
  - beacons_plugin (from `.symlinks/plugins/beacons_plugin/ios`)
  - Flutter (from `Flutter`)
  - flutter_blue (from `.symlinks/plugins/flutter_blue/ios`)
  - flutter_compass (from `.symlinks/plugins/flutter_compass/ios`)
  - geolocator (from `.symlinks/plugins/geolocator/ios`)
  - location (from `.symlinks/plugins/location/ios`)
  - motion_sensors (from `.symlinks/plugins/motion_sensors/ios`)
  - path_provider (from `.symlinks/plugins/path_provider/ios`)
  - permission_handler (from `.symlinks/plugins/permission_handler/ios`)
  - sqflite (from `.symlinks/plugins/sqflite/ios`)
  - user_location (from `.symlinks/plugins/user_location/ios`)
  - vibration (from `.symlinks/plugins/vibration/ios`)

SPEC REPOS:
  trunk:
    - FMDB
    - Protobuf

EXTERNAL SOURCES:
  audio_streamer:
    :path: ".symlinks/plugins/audio_streamer/ios"
  audioplayers:
    :path: ".symlinks/plugins/audioplayers/ios"
  beacons_plugin:
    :path: ".symlinks/plugins/beacons_plugin/ios"
  Flutter:
    :path: Flutter
  flutter_blue:
    :path: ".symlinks/plugins/flutter_blue/ios"
  flutter_compass:
    :path: ".symlinks/plugins/flutter_compass/ios"
  geolocator:
    :path: ".symlinks/plugins/geolocator/ios"
  location:
    :path: ".symlinks/plugins/location/ios"
  motion_sensors:
    :path: ".symlinks/plugins/motion_sensors/ios"
  path_provider:
    :path: ".symlinks/plugins/path_provider/ios"
  permission_handler:
    :path: ".symlinks/plugins/permission_handler/ios"
  sqflite:
    :path: ".symlinks/plugins/sqflite/ios"
  user_location:
    :path: ".symlinks/plugins/user_location/ios"
  vibration:
    :path: ".symlinks/plugins/vibration/ios"

SPEC CHECKSUMS:
  audio_streamer: af49e73eb66f71c4eeabb4bbcb05f122d03a6709
  audioplayers: 455322b54050b30ea4b1af7cd9e9d105f74efa8c
  beacons_plugin: 451bca1eea362d21793d61d58fa26d494cf19718
  Flutter: 0e3d915762c693b495b44d77113d4970485de6ec
  flutter_blue: eeb381dc4727a0954dede73515f683865494b370
  flutter_compass: cbbd285cea1584c7ac9c4e0c3e1f17cbea55e855
  FMDB: 2ce00b547f966261cd18927a3ddb07cb6f3db82a
  geolocator: 057a0c63a43e9c5296d8ad845a3ac8e6df23d899
  location: 3a2eed4dd2fab25e7b7baf2a9efefe82b512d740
  motion_sensors: 03f55b7c637a7e365a0b5f9697a449f9059d5d91
  path_provider: abfe2b5c733d04e238b0d8691db0cfd63a27a93c
  permission_handler: ccb20a9fad0ee9b1314a52b70b76b473c5f8dab0
  Protobuf: 176220c526ad8bd09ab1fb40a978eac3fef665f7
  sqflite: 6d358c025f5b867b29ed92fc697fd34924e11904
  user_location: ec382950d42014e9d796513cb4a83de2e643a477
  vibration: b5a33e764c3f609a975b9dca73dce20fdde627dc

PODFILE CHECKSUM: aafe91acc616949ddb318b77800a7f51bffa2a4c

COCOAPODS: 1.10.0
